
Microsoft Visual Studio Solution File, Format Version 12.00
# Visual Studio Version 17
VisualStudioVersion = 17.6.33620.401
MinimumVisualStudioVersion = 10.0.40219.1
Project("{9A19103F-16F7-4668-BE54-9A1E7A4F7556}") = "MauiUICollectionView", "MauiUICollectionView\MauiUICollectionView.csproj", "{8A78B4CE-2BAA-4CAA-A668-F02EFE7D6244}"
EndProject
Project("{9A19103F-16F7-4668-BE54-9A1E7A4F7556}") = "DemoTest", "DemoTest\DemoTest.csproj", "{778B318C-DEBA-4253-A4D1-A592FD6B9396}"
EndProject
Project("{FAE04EC0-301F-11D3-BF4B-00C04F79EFBC}") = "MAUICollectionViewUnitTest", "MAUICollectionViewUnitTest\MAUICollectionViewUnitTest.csproj", "{A94ECE03-2A2F-458C-BB8D-0CFA730CB46F}"
EndProject
Global
	GlobalSection(SolutionConfigurationPlatforms) = preSolution
		Debug|Any CPU = Debug|Any CPU
		Release|Any CPU = Release|Any CPU
	EndGlobalSection
	GlobalSection(ProjectConfigurationPlatforms) = postSolution
		{8A78B4CE-2BAA-4CAA-A668-F02EFE7D6244}.Debug|Any CPU.ActiveCfg = Debug|Any CPU
		{8A78B4CE-2BAA-4CAA-A668-F02EFE7D6244}.Debug|Any CPU.Build.0 = Debug|Any CPU
		{8A78B4CE-2BAA-4CAA-A668-F02EFE7D6244}.Release|Any CPU.ActiveCfg = Release|Any CPU
		{8A78B4CE-2BAA-4CAA-A668-F02EFE7D6244}.Release|Any CPU.Build.0 = Release|Any CPU
		{778B318C-DEBA-4253-A4D1-A592FD6B9396}.Debug|Any CPU.ActiveCfg = Debug|Any CPU
		{778B318C-DEBA-4253-A4D1-A592FD6B9396}.Debug|Any CPU.Build.0 = Debug|Any CPU
		{778B318C-DEBA-4253-A4D1-A592FD6B9396}.Debug|Any CPU.Deploy.0 = Debug|Any CPU
		{778B318C-DEBA-4253-A4D1-A592FD6B9396}.Release|Any CPU.ActiveCfg = Release|Any CPU
		{778B318C-DEBA-4253-A4D1-A592FD6B9396}.Release|Any CPU.Build.0 = Release|Any CPU
		{778B318C-DEBA-4253-A4D1-A592FD6B9396}.Release|Any CPU.Deploy.0 = Release|Any CPU
		{A94ECE03-2A2F-458C-BB8D-0CFA730CB46F}.Debug|Any CPU.ActiveCfg = Debug|Any CPU
		{A94ECE03-2A2F-458C-BB8D-0CFA730CB46F}.Debug|Any CPU.Build.0 = Debug|Any CPU
		{A94ECE03-2A2F-458C-BB8D-0CFA730CB46F}.Debug|Any CPU.Deploy.0 = Debug|Any CPU
		{A94ECE03-2A2F-458C-BB8D-0CFA730CB46F}.Release|Any CPU.ActiveCfg = Release|Any CPU
		{A94ECE03-2A2F-458C-BB8D-0CFA730CB46F}.Release|Any CPU.Build.0 = Release|Any CPU
		{A94ECE03-2A2F-458C-BB8D-0CFA730CB46F}.Release|Any CPU.Deploy.0 = Release|Any CPU
	EndGlobalSection
	GlobalSection(SolutionProperties) = preSolution
		HideSolutionNode = FALSE
	EndGlobalSection
	GlobalSection(ExtensibilityGlobals) = postSolution
		SolutionGuid = {1A331943-5FC2-443A-AB7F-1D957DF3EB8E}
	EndGlobalSection
EndGlobal
